
Microsoft Visual Studio Solution File, Format Version 12.00
# Visual Studio 15
VisualStudioVersion = 15.0.28010.2003
MinimumVisualStudioVersion = 10.0.40219.1
Project("{9A19103F-16F7-4668-BE54-9A1E7A4F7556}") = "Hardwarewallets.Net", "Hardwarewallets.Net\Hardwarewallets.Net.csproj", "{2E0E60D8-A2FE-4F91-A773-2B5BBFCD2CB6}"
EndProject
Project("{9A19103F-16F7-4668-BE54-9A1E7A4F7556}") = "Hardwarewallets.Net.Base", "Hardwarewallets.Net.Base\Hardwarewallets.Net.Base.csproj", "{8A6D9AA1-2611-40D1-86F2-0CAC95913F19}"
EndProject
Project("{FAE04EC0-301F-11D3-BF4B-00C04F79EFBC}") = "Hardwarewallets.Net.UnitTests", "Hardwarewallets.Net.UnitTests\Hardwarewallets.Net.UnitTests.csproj", "{ED7C291B-0734-44AD-8510-DE730D5839A5}"
EndProject
Global
	GlobalSection(SolutionConfigurationPlatforms) = preSolution
		Debug|Any CPU = Debug|Any CPU
		Release|Any CPU = Release|Any CPU
	EndGlobalSection
	GlobalSection(ProjectConfigurationPlatforms) = postSolution
		{2E0E60D8-A2FE-4F91-A773-2B5BBFCD2CB6}.Debug|Any CPU.ActiveCfg = Debug|Any CPU
		{2E0E60D8-A2FE-4F91-A773-2B5BBFCD2CB6}.Debug|Any CPU.Build.0 = Debug|Any CPU
		{2E0E60D8-A2FE-4F91-A773-2B5BBFCD2CB6}.Release|Any CPU.ActiveCfg = Release|Any CPU
		{2E0E60D8-A2FE-4F91-A773-2B5BBFCD2CB6}.Release|Any CPU.Build.0 = Release|Any CPU
		{8A6D9AA1-2611-40D1-86F2-0CAC95913F19}.Debug|Any CPU.ActiveCfg = Debug|Any CPU
		{8A6D9AA1-2611-40D1-86F2-0CAC95913F19}.Debug|Any CPU.Build.0 = Debug|Any CPU
		{8A6D9AA1-2611-40D1-86F2-0CAC95913F19}.Release|Any CPU.ActiveCfg = Release|Any CPU
		{8A6D9AA1-2611-40D1-86F2-0CAC95913F19}.Release|Any CPU.Build.0 = Release|Any CPU
		{ED7C291B-0734-44AD-8510-DE730D5839A5}.Debug|Any CPU.ActiveCfg = Debug|Any CPU
		{ED7C291B-0734-44AD-8510-DE730D5839A5}.Debug|Any CPU.Build.0 = Debug|Any CPU
		{ED7C291B-0734-44AD-8510-DE730D5839A5}.Release|Any CPU.ActiveCfg = Release|Any CPU
		{ED7C291B-0734-44AD-8510-DE730D5839A5}.Release|Any CPU.Build.0 = Release|Any CPU
	EndGlobalSection
	GlobalSection(SolutionProperties) = preSolution
		HideSolutionNode = FALSE
	EndGlobalSection
	GlobalSection(ExtensibilityGlobals) = postSolution
		SolutionGuid = {87DACB31-152E-440D-90A9-09D30AD7D5F6}
	EndGlobalSection
EndGlobal
